
Microsoft Visual Studio Solution File, Format Version 12.00
# Visual Studio Version 17
VisualStudioVersion = 17.14.36310.24
MinimumVisualStudioVersion = 10.0.40219.1
Project("{FAE04EC0-301F-11D3-BF4B-00C04F79EFBC}") = "Blf2.Net8.Web", "Blf2.Net8.Web.csproj", "{765BF4F3-68FF-41D2-B367-AEFCA3409FEB}"
EndProject
Project("{FAE04EC0-301F-11D3-BF4B-00C04F79EFBC}") = "Blf2.Net8.Entitry", "..\Blf2.Net8.Entitry\Blf2.Net8.Entitry.csproj", "{49E6D871-1396-4309-B9E3-6E2364858733}"
EndProject
Project("{FAE04EC0-301F-11D3-BF4B-00C04F79EFBC}") = "Blf2.Net8.EntityFramework", "..\Blf.Net8.EntityFramework\Blf2.Net8.EntityFramework.csproj", "{AB6001FE-F6CA-4B58-A8FB-3448FEF405B9}"
EndProject
Project("{FAE04EC0-301F-11D3-BF4B-00C04F79EFBC}") = "Blf2.Net8.Contracts", "..\Blf.Net8.Contracts\Blf2.Net8.Contracts.csproj", "{90DD4CF8-843E-4FB2-968F-37454C48449F}"
EndProject
Global
	GlobalSection(SolutionConfigurationPlatforms) = preSolution
		Debug|Any CPU = Debug|Any CPU
		Release|Any CPU = Release|Any CPU
	EndGlobalSection
	GlobalSection(ProjectConfigurationPlatforms) = postSolution
		{765BF4F3-68FF-41D2-B367-AEFCA3409FEB}.Debug|Any CPU.ActiveCfg = Debug|Any CPU
		{765BF4F3-68FF-41D2-B367-AEFCA3409FEB}.Debug|Any CPU.Build.0 = Debug|Any CPU
		{765BF4F3-68FF-41D2-B367-AEFCA3409FEB}.Release|Any CPU.ActiveCfg = Release|Any CPU
		{765BF4F3-68FF-41D2-B367-AEFCA3409FEB}.Release|Any CPU.Build.0 = Release|Any CPU
		{49E6D871-1396-4309-B9E3-6E2364858733}.Debug|Any CPU.ActiveCfg = Debug|Any CPU
		{49E6D871-1396-4309-B9E3-6E2364858733}.Debug|Any CPU.Build.0 = Debug|Any CPU
		{49E6D871-1396-4309-B9E3-6E2364858733}.Release|Any CPU.ActiveCfg = Release|Any CPU
		{49E6D871-1396-4309-B9E3-6E2364858733}.Release|Any CPU.Build.0 = Release|Any CPU
		{AB6001FE-F6CA-4B58-A8FB-3448FEF405B9}.Debug|Any CPU.ActiveCfg = Debug|Any CPU
		{AB6001FE-F6CA-4B58-A8FB-3448FEF405B9}.Debug|Any CPU.Build.0 = Debug|Any CPU
		{AB6001FE-F6CA-4B58-A8FB-3448FEF405B9}.Release|Any CPU.ActiveCfg = Release|Any CPU
		{AB6001FE-F6CA-4B58-A8FB-3448FEF405B9}.Release|Any CPU.Build.0 = Release|Any CPU
		{90DD4CF8-843E-4FB2-968F-37454C48449F}.Debug|Any CPU.ActiveCfg = Debug|Any CPU
		{90DD4CF8-843E-4FB2-968F-37454C48449F}.Debug|Any CPU.Build.0 = Debug|Any CPU
		{90DD4CF8-843E-4FB2-968F-37454C48449F}.Release|Any CPU.ActiveCfg = Release|Any CPU
		{90DD4CF8-843E-4FB2-968F-37454C48449F}.Release|Any CPU.Build.0 = Release|Any CPU
	EndGlobalSection
	GlobalSection(SolutionProperties) = preSolution
		HideSolutionNode = FALSE
	EndGlobalSection
	GlobalSection(ExtensibilityGlobals) = postSolution
		SolutionGuid = {2D595F4C-A964-4B1A-ADDC-9797E596A235}
	EndGlobalSection
EndGlobal
